{
  "name": "webxdc-video-call",
  "lockfileVersion": 3,
  "requires": true,
  "packages": {
    "": {
      "name": "webxdc-video-call",
      "license": "Apache-2.0",
      "devDependencies": {
        "webxdc-types": "github:webxdc/webxdc-types"
      }
    },
    "node_modules/webxdc-types": {
      "version": "1.0.1",
      "resolved": "git+ssh://git@github.com/webxdc/webxdc-types.git#115a055e1816a575e32d4d9a03ec6f911bb6bd58",
      "dev": true
    }
  }
}
