{
  "name": "webxdc-video-call",
  "lockfileVersion": 3,
  "requires": true,
  "packages": {
    "": {
      "name": "webxdc-video-call",
      "license": "Apache-2.0",
      "devDependencies": {
        "webxdc-types": "^1.0.1"
      }
    },
    "node_modules/webxdc-types": {
      "version": "1.0.1",
      "resolved": "https://registry.npmjs.org/webxdc-types/-/webxdc-types-1.0.1.tgz",
      "integrity": "sha512-voocssWnUiMoJoicPWmCKnjd6OG8TNuUq+5n9+0gMSBMg0h1KxapnN9Vq6WssK0jhKcGBSZvcQf8tGK+X88IaQ==",
      "dev": true
    }
  }
}
