{
  "name": "webxdc-video-call",
  "lockfileVersion": 3,
  "requires": true,
  "packages": {
    "": {
      "name": "webxdc-video-call",
      "license": "Apache-2.0",
      "dependencies": {
        "when-sourcebuffer-ready": "^1.0.1"
      },
      "devDependencies": {
        "@webxdc/types": "github:webxdc/webxdc-types",
        "eruda": "^3.0.1"
      }
    },
    "node_modules/@webxdc/types": {
      "version": "2.1.2",
      "resolved": "git+ssh://git@github.com/webxdc/webxdc-types.git#04f295981d2e426ceea50553ab9d4dbb6ea5b4c5",
      "dev": true,
      "license": "unlicense"
    },
    "node_modules/eruda": {
      "version": "3.0.1",
      "resolved": "https://registry.npmjs.org/eruda/-/eruda-3.0.1.tgz",
      "integrity": "sha512-6q1Xdwga4JTr1mKSW4mzuWSSbmXgqpm/8Wa1QGFGfCWRjC0bCQjbS4u06M1te1moucIS3hBLlbSTPWYH2W0qbQ==",
      "dev": true
    },
    "node_modules/when-sourcebuffer-ready": {
      "version": "1.0.1",
      "resolved": "https://registry.npmjs.org/when-sourcebuffer-ready/-/when-sourcebuffer-ready-1.0.1.tgz",
      "integrity": "sha512-nYaRSkVzMEstO2QndloeBXE1VH3S4+09E7OATg1evrKqwFme357qau5t1jzp/lhrDp+VwJ8tsSt0P6U8TtSQkQ==",
      "license": "Apache-2.0"
    }
  }
}
